
Microsoft Visual Studio Solution File, Format Version 12.00
# Visual Studio Version 16
VisualStudioVersion = 16.0.31515.178
MinimumVisualStudioVersion = 10.0.40219.1
Project("{9A19103F-16F7-4668-BE54-9A1E7A4F7556}") = "AuthenticationService", "AuthenticationService\AuthenticationService.csproj", "{97D5CDEE-1885-4F60-AF44-6F844AEC9EFF}"
EndProject
Project("{9A19103F-16F7-4668-BE54-9A1E7A4F7556}") = "AuthenticationService.Test", "AuthenticationService.Tests\AuthenticationService.Test.csproj", "{2CDCFABE-C207-4BEF-B4E9-598EEC18CBF4}"
EndProject
Global
	GlobalSection(SolutionConfigurationPlatforms) = preSolution
		Debug|Any CPU = Debug|Any CPU
		Release|Any CPU = Release|Any CPU
	EndGlobalSection
	GlobalSection(ProjectConfigurationPlatforms) = postSolution
		{97D5CDEE-1885-4F60-AF44-6F844AEC9EFF}.Debug|Any CPU.ActiveCfg = Debug|Any CPU
		{97D5CDEE-1885-4F60-AF44-6F844AEC9EFF}.Debug|Any CPU.Build.0 = Debug|Any CPU
		{97D5CDEE-1885-4F60-AF44-6F844AEC9EFF}.Release|Any CPU.ActiveCfg = Release|Any CPU
		{97D5CDEE-1885-4F60-AF44-6F844AEC9EFF}.Release|Any CPU.Build.0 = Release|Any CPU
		{2CDCFABE-C207-4BEF-B4E9-598EEC18CBF4}.Debug|Any CPU.ActiveCfg = Debug|Any CPU
		{2CDCFABE-C207-4BEF-B4E9-598EEC18CBF4}.Debug|Any CPU.Build.0 = Debug|Any CPU
		{2CDCFABE-C207-4BEF-B4E9-598EEC18CBF4}.Release|Any CPU.ActiveCfg = Release|Any CPU
		{2CDCFABE-C207-4BEF-B4E9-598EEC18CBF4}.Release|Any CPU.Build.0 = Release|Any CPU
	EndGlobalSection
	GlobalSection(SolutionProperties) = preSolution
		HideSolutionNode = FALSE
	EndGlobalSection
	GlobalSection(ExtensibilityGlobals) = postSolution
		SolutionGuid = {44C71A9D-82C0-46A3-BB50-B255C8AF4689}
	EndGlobalSection
EndGlobal
